{
  "name": "db_import",
  "version": "1.0.0",
  "lockfileVersion": 1,
  "requires": true,
  "dependencies": {
    "ansi-escapes": {
      "version": "3.1.0",
      "resolved": "https://registry.npmjs.org/ansi-escapes/-/ansi-escapes-3.1.0.tgz",
      "integrity": "sha512-UgAb8H9D41AQnu/PbWlCofQVcnV4Gs2bBJi9eZPxfU/hgglFh3SMDMENRIqdr7H6XFnXdoknctFByVsCOotTVw=="
    },
    "ansi-regex": {
      "version": "3.0.0",
      "resolved": "https://registry.npmjs.org/ansi-regex/-/ansi-regex-3.0.0.tgz",
      "integrity": "sha1-7QMXwyIGT3lGbAKWa922Bas32Zg="
    },
    "ansi-styles": {
      "version": "3.2.1",
      "resolved": "https://registry.npmjs.org/ansi-styles/-/ansi-styles-3.2.1.tgz",
      "integrity": "sha512-VT0ZI6kZRdTh8YyJw3SMbYm/u+NqfsAxEpWO0Pf9sq8/e94WxxOpPKx9FR1FlyCtOVDNOQ+8ntlqFxiRc+r5qA==",
      "requires": {
        "color-convert": "1.9.2"
      }
    },
    "ansy": {
      "version": "1.0.13",
      "resolved": "https://registry.npmjs.org/ansy/-/ansy-1.0.13.tgz",
      "integrity": "sha512-zO9+N/z1cEDQOjJSaqeUQTorTfl1sTfjx7qlQ/IMIE//UgDfmVqrRy9Aop+m0gFZe2+1VpqXw5PZXSbS/LQRVA==",
      "requires": {
        "ansi-styles": "3.2.1",
        "custom-return": "1.0.10",
        "supports-color": "3.2.3",
        "ul": "5.2.13"
      },
      "dependencies": {
        "has-flag": {
          "version": "1.0.0",
          "resolved": "https://registry.npmjs.org/has-flag/-/has-flag-1.0.0.tgz",
          "integrity": "sha1-nZ55MWXOAXoA8AQYxD+UKnsdEfo="
        },
        "supports-color": {
          "version": "3.2.3",
          "resolved": "https://registry.npmjs.org/supports-color/-/supports-color-3.2.3.tgz",
          "integrity": "sha1-ZawFBLOVQXHYpklGsq48u4pfVPY=",
          "requires": {
            "has-flag": "1.0.0"
          }
        }
      }
    },
    "array-parallel": {
      "version": "0.1.3",
      "resolved": "https://registry.npmjs.org/array-parallel/-/array-parallel-0.1.3.tgz",
      "integrity": "sha1-j3hTCJJu1apHjEfmTRszS2wMlH0="
    },
    "array-series": {
      "version": "0.1.5",
      "resolved": "https://registry.npmjs.org/array-series/-/array-series-0.1.5.tgz",
      "integrity": "sha1-3103v8XC7wdV4qpPkv6ufUtaly8="
    },
    "asciify-pixel": {
      "version": "1.2.12",
      "resolved": "https://registry.npmjs.org/asciify-pixel/-/asciify-pixel-1.2.12.tgz",
      "integrity": "sha512-fGNWJ6p/djfjlU4hqIs6LpoaVoTEATB1dZLRJ0EGoAycf4MWWzWCu8fLI3449JJC7XhDTJ5J0USKTKz7wkYZGw==",
      "requires": {
        "couleurs": "6.0.9",
        "deffy": "2.2.2",
        "pixel-bg": "1.0.8",
        "pixel-class": "1.0.7",
        "pixel-white-bg": "1.0.7",
        "ul": "5.2.13"
      }
    },
    "asciify-pixel-matrix": {
      "version": "1.0.12",
      "resolved": "https://registry.npmjs.org/asciify-pixel-matrix/-/asciify-pixel-matrix-1.0.12.tgz",
      "integrity": "sha512-huTyfgwdGbbvz7JoQFpuRiunoeW6wzcP69/vL+kT+QRiV09SpGxd7qozfKgd2PvgVi9kzYYZlcdYsiD7+lOrtQ==",
      "requires": {
        "asciify-pixel": "1.2.12",
        "ul": "5.2.13"
      }
    },
    "assured": {
      "version": "1.0.12",
      "resolved": "https://registry.npmjs.org/assured/-/assured-1.0.12.tgz",
      "integrity": "sha512-QR2Tb3fTIHed2XQr9gukFxDI8BJOKbk02k2a86y+BAiOuHUNL0tPlRbnK84XfXVU/L4MQZQf9x+O391xlAYh8g==",
      "requires": {
        "noop6": "1.0.7",
        "sliced": "1.0.1"
      }
    },
    "aws-sdk": {
      "version": "2.258.1",
      "resolved": "https://registry.npmjs.org/aws-sdk/-/aws-sdk-2.258.1.tgz",
      "integrity": "sha512-0wxp4/VkBVI6ew4dZPbgJLs0SEYlctztzbhMAByrkAUTsZOim0SC6GSw3IbhMfvkWG9MRxmYPiAte+LMLlESjA==",
      "requires": {
        "buffer": "4.9.1",
        "events": "1.1.1",
        "ieee754": "1.1.8",
        "jmespath": "0.15.0",
        "querystring": "0.2.0",
        "sax": "1.2.1",
        "url": "0.10.3",
        "uuid": "3.1.0",
        "xml2js": "0.4.17"
      },
      "dependencies": {
        "uuid": {
          "version": "3.1.0",
          "resolved": "https://registry.npmjs.org/uuid/-/uuid-3.1.0.tgz",
          "integrity": "sha512-DIWtzUkw04M4k3bf1IcpS2tngXEL26YUD2M0tMDUpnUrz2hgzUBlD55a4FjdLGPvfHxS6uluGWvaVEqgBcVa+g=="
        }
      }
    },
    "balanced-match": {
      "version": "1.0.0",
      "resolved": "https://registry.npmjs.org/balanced-match/-/balanced-match-1.0.0.tgz",
      "integrity": "sha1-ibTRmasr7kneFk6gK4nORi1xt2c="
    },
    "base64-js": {
      "version": "1.3.0",
      "resolved": "https://registry.npmjs.org/base64-js/-/base64-js-1.3.0.tgz",
      "integrity": "sha512-ccav/yGvoa80BQDljCxsmmQ3Xvx60/UpBIij5QN21W3wBi/hhIC9OoO+KLpu9IJTS9j4DRVJ3aDDF9cMSoa2lw=="
    },
    "brace-expansion": {
      "version": "1.1.11",
      "resolved": "https://registry.npmjs.org/brace-expansion/-/brace-expansion-1.1.11.tgz",
      "integrity": "sha512-iCuPHDFgrHX7H2vEI/5xpz07zSHB00TpugqhmYtVmMO6518mCuRMoOYFldEBl0g187ufozdaHgWKcYFb61qGiA==",
      "requires": {
        "balanced-match": "1.0.0",
        "concat-map": "0.0.1"
      }
    },
    "buffer": {
      "version": "4.9.1",
      "resolved": "https://registry.npmjs.org/buffer/-/buffer-4.9.1.tgz",
      "integrity": "sha1-bRu2AbB6TvztlwlBMgkwJ8lbwpg=",
      "requires": {
        "base64-js": "1.3.0",
        "ieee754": "1.1.8",
        "isarray": "1.0.0"
      },
      "dependencies": {
        "isarray": {
          "version": "1.0.0",
          "resolved": "https://registry.npmjs.org/isarray/-/isarray-1.0.0.tgz",
          "integrity": "sha1-u5NdSFgsuhaMBoNJV6VKPgcSTxE="
        }
      }
    },
    "cb-buffer": {
      "version": "2.1.7",
      "resolved": "https://registry.npmjs.org/cb-buffer/-/cb-buffer-2.1.7.tgz",
      "integrity": "sha512-bCzYKH74eYHOJuovmyEWidc+AWE/Nj7DvVfhcHiCv73Q4axcwtS2VSAq9xXCJdrXVS9e0wmb25jGfGRDzHBX9Q=="
    },
    "chalk": {
      "version": "2.4.1",
      "resolved": "https://registry.npmjs.org/chalk/-/chalk-2.4.1.tgz",
      "integrity": "sha512-ObN6h1v2fTJSmUXoS3nMQ92LbDK9be4TV+6G+omQlGJFdcUX5heKi1LZ1YnRMIgwTLEj3E24bT6tYni50rlCfQ==",
      "requires": {
        "ansi-styles": "3.2.1",
        "escape-string-regexp": "1.0.5",
        "supports-color": "5.4.0"
      }
    },
    "chardet": {
      "version": "0.5.0",
      "resolved": "https://registry.npmjs.org/chardet/-/chardet-0.5.0.tgz",
      "integrity": "sha512-9ZTaoBaePSCFvNlNGrsyI8ZVACP2svUtq0DkM7t4K2ClAa96sqOIRjAzDTc8zXzFt1cZR46rRzLTiHFSJ+Qw0g=="
    },
    "cli-cursor": {
      "version": "2.1.0",
      "resolved": "https://registry.npmjs.org/cli-cursor/-/cli-cursor-2.1.0.tgz",
      "integrity": "sha1-s12sN2R5+sw+lHR9QdDQ9SOP/LU=",
      "requires": {
        "restore-cursor": "2.0.0"
      }
    },
    "cli-width": {
      "version": "2.2.0",
      "resolved": "https://registry.npmjs.org/cli-width/-/cli-width-2.2.0.tgz",
      "integrity": "sha1-/xnt6Kml5XkyQUewwR8PvLq+1jk="
    },
    "color-convert": {
      "version": "1.9.2",
      "resolved": "https://registry.npmjs.org/color-convert/-/color-convert-1.9.2.tgz",
      "integrity": "sha512-3NUJZdhMhcdPn8vJ9v2UQJoH0qqoGUkYTgFEPZaPjEtwmmKUfNV46zZmgB2M5M4DCEQHMaCfWHCxiBflLm04Tg==",
      "requires": {
        "color-name": "1.1.1"
      }
    },
    "color-name": {
      "version": "1.1.1",
      "resolved": "https://registry.npmjs.org/color-name/-/color-name-1.1.1.tgz",
      "integrity": "sha1-SxQVMEz1ACjqgWQ2Q72C6gWANok="
    },
    "compute-size": {
      "version": "1.0.11",
      "resolved": "https://registry.npmjs.org/compute-size/-/compute-size-1.0.11.tgz",
      "integrity": "sha512-nFKo2Xfg3888TxAu6gWaPWkSA+KYMeVB0nE7jZHePQeZZmGsoy+DxZNHX13/LY5Bq5rKBzAcm2eLjLn49GDKYA==",
      "requires": {
        "fixed-or-percent": "1.0.10",
        "map-o": "2.0.8",
        "ul": "5.2.13"
      }
    },
    "concat-map": {
      "version": "0.0.1",
      "resolved": "https://registry.npmjs.org/concat-map/-/concat-map-0.0.1.tgz",
      "integrity": "sha1-2Klr13/Wjfd5OnMDajug1UBdR3s="
    },
    "couleurs": {
      "version": "6.0.9",
      "resolved": "https://registry.npmjs.org/couleurs/-/couleurs-6.0.9.tgz",
      "integrity": "sha1-srKj7jfa5Rh1ye/SQ+x+eJSvvJ4=",
      "requires": {
        "ansy": "1.0.13",
        "color-convert": "1.9.2",
        "iterate-object": "1.3.2",
        "typpy": "2.3.10"
      }
    },
    "cross-spawn": {
      "version": "4.0.2",
      "resolved": "https://registry.npmjs.org/cross-spawn/-/cross-spawn-4.0.2.tgz",
      "integrity": "sha1-e5JHYhwjrf3ThWAEqCPL45dCTUE=",
      "requires": {
        "lru-cache": "4.1.3",
        "which": "1.3.1"
      }
    },
    "custom-return": {
      "version": "1.0.10",
      "resolved": "https://registry.npmjs.org/custom-return/-/custom-return-1.0.10.tgz",
      "integrity": "sha512-WF07K2QwOIb6+mHYmiFP7oAlbVL+fkNgCGvjMMFuiVn5HExz75HWOyXslk+GgzEF72JiDlih8MyD1WJB8SYw7w==",
      "requires": {
        "noop6": "1.0.7"
      }
    },
    "debug": {
      "version": "3.1.0",
      "resolved": "https://registry.npmjs.org/debug/-/debug-3.1.0.tgz",
      "integrity": "sha512-OX8XqP7/1a9cqkxYw2yXss15f26NKWBpDXQd0/uK/KPqdQhxbPa994hnzjcE2VqQpDslf55723cKPUOGSmMY3g==",
      "requires": {
        "ms": "2.0.0"
      }
    },
    "deffy": {
      "version": "2.2.2",
      "resolved": "https://registry.npmjs.org/deffy/-/deffy-2.2.2.tgz",
      "integrity": "sha1-CI9AkTy0cHhlP6b2l8IG4DRx1SM=",
      "requires": {
        "typpy": "2.3.10"
      }
    },
    "err": {
      "version": "1.1.1",
      "resolved": "https://registry.npmjs.org/err/-/err-1.1.1.tgz",
      "integrity": "sha1-65KOLhGjFmSPeCgz0PlyWLpDwvg=",
      "requires": {
        "typpy": "2.3.10"
      }
    },
    "escape-string-regexp": {
      "version": "1.0.5",
      "resolved": "https://registry.npmjs.org/escape-string-regexp/-/escape-string-regexp-1.0.5.tgz",
      "integrity": "sha1-G2HAViGQqN/2rjuyzwIAyhMLhtQ="
    },
    "events": {
      "version": "1.1.1",
      "resolved": "https://registry.npmjs.org/events/-/events-1.1.1.tgz",
      "integrity": "sha1-nr23Y1rQmccNzEwqH1AEKI6L2SQ="
    },
    "external-editor": {
      "version": "3.0.0",
      "resolved": "https://registry.npmjs.org/external-editor/-/external-editor-3.0.0.tgz",
      "integrity": "sha512-mpkfj0FEdxrIhOC04zk85X7StNtr0yXnG7zCb+8ikO8OJi2jsHh5YGoknNTyXgsbHOf1WOOcVU3kPFWT2WgCkQ==",
      "requires": {
        "chardet": "0.5.0",
        "iconv-lite": "0.4.23",
        "tmp": "0.0.33"
      }
    },
    "figlet": {
      "version": "1.2.0",
      "resolved": "https://registry.npmjs.org/figlet/-/figlet-1.2.0.tgz",
      "integrity": "sha1-bEZTc3j6tkkUa1phQ92gGbQwtBA="
    },
    "figures": {
      "version": "2.0.0",
      "resolved": "https://registry.npmjs.org/figures/-/figures-2.0.0.tgz",
      "integrity": "sha1-OrGi0qYsi/tDGgyUy3l6L84nyWI=",
      "requires": {
        "escape-string-regexp": "1.0.5"
      }
    },
    "fixed-or-percent": {
      "version": "1.0.10",
      "resolved": "https://registry.npmjs.org/fixed-or-percent/-/fixed-or-percent-1.0.10.tgz",
      "integrity": "sha512-ePaOmX7WcQBpSohBuguScFIHJJ6dcw3QDbo/yr5Uiu2OtYxhAkiyD1/NCBBaMHKI/M7/5XITHY95JvepI4SeQg==",
      "requires": {
        "is-percent": "1.0.10",
        "percent-value": "1.0.7"
      }
    },
    "follow-redirects": {
      "version": "1.5.0",
      "resolved": "https://registry.npmjs.org/follow-redirects/-/follow-redirects-1.5.0.tgz",
      "integrity": "sha512-fdrt472/9qQ6Kgjvb935ig6vJCuofpBUD14f9Vb+SLlm7xIe4Qva5gey8EKtv8lp7ahE1wilg3xL1znpVGtZIA==",
      "requires": {
        "debug": "3.1.0"
      }
    },
    "fs.realpath": {
      "version": "1.0.0",
      "resolved": "https://registry.npmjs.org/fs.realpath/-/fs.realpath-1.0.0.tgz",
      "integrity": "sha1-FQStJSMVjKpA20onh8sBQRmU6k8="
    },
    "function.name": {
      "version": "1.0.10",
      "resolved": "https://registry.npmjs.org/function.name/-/function.name-1.0.10.tgz",
      "integrity": "sha512-IPRArugcDP5O1oRUl2H55GnLNq3CV26bG/dFzLx0AR2dhB/4nj9rIqh1NBdlK7bWlfggV1Q+Aq5Jxafr/+j4BQ==",
      "requires": {
        "noop6": "1.0.7"
      }
    },
    "glob": {
      "version": "7.1.2",
      "resolved": "https://registry.npmjs.org/glob/-/glob-7.1.2.tgz",
      "integrity": "sha512-MJTUg1kjuLeQCJ+ccE4Vpa6kKVXkPYJ2mOCQyUuKLcLQsdrMCpBPUi8qVE6+YuaJkozeA9NusTAw3hLr8Xe5EQ==",
      "requires": {
        "fs.realpath": "1.0.0",
        "inflight": "1.0.6",
        "inherits": "2.0.3",
        "minimatch": "3.0.4",
        "once": "1.4.0",
        "path-is-absolute": "1.0.1"
      }
    },
    "gm": {
      "version": "1.23.1",
      "resolved": "https://registry.npmjs.org/gm/-/gm-1.23.1.tgz",
      "integrity": "sha1-Lt7rlYCE0PjqeYjl2ZWxx9/BR3c=",
      "requires": {
        "array-parallel": "0.1.3",
        "array-series": "0.1.5",
        "cross-spawn": "4.0.2",
        "debug": "3.1.0"
      }
    },
    "gm-installed": {
      "version": "1.0.8",
      "resolved": "https://registry.npmjs.org/gm-installed/-/gm-installed-1.0.8.tgz",
      "integrity": "sha512-K4NiQT4oLRXGZ2iOaHfXSjaViMR9WU/T1h0ON90jZzGP+JQvJmdkPYXi3xg5dNwCZmITVmyIaHK8Ae3MVI97vA==",
      "requires": {
        "prgm-installed": "1.0.9"
      }
    },
    "gm-tools": {
      "version": "1.0.10",
      "resolved": "https://registry.npmjs.org/gm-tools/-/gm-tools-1.0.10.tgz",
      "integrity": "sha512-G+i6+0loC/4RdT/d9Fxr4gNb5zNVsLh2ebezzW/7yFp+2+t7KtLKtkXlD0ZMHeIsenlIMEhVsSb92zhO143Dyw==",
      "requires": {
        "gm": "1.23.1",
        "iterate-object": "1.3.2",
        "pixel-class": "1.0.7",
        "pngjs": "2.3.1",
        "same-time": "2.3.3"
      }
    },
    "has-flag": {
      "version": "3.0.0",
      "resolved": "https://registry.npmjs.org/has-flag/-/has-flag-3.0.0.tgz",
      "integrity": "sha1-tdRU3CGZriJWmfNGfloH87lVuv0="
    },
    "iconv-lite": {
      "version": "0.4.23",
      "resolved": "https://registry.npmjs.org/iconv-lite/-/iconv-lite-0.4.23.tgz",
      "integrity": "sha512-neyTUVFtahjf0mB3dZT77u+8O0QB89jFdnBkd5P1JgYPbPaia3gXXOVL2fq8VyU2gMMD7SaN7QukTB/pmXYvDA==",
      "requires": {
        "safer-buffer": "2.1.2"
      }
    },
    "ieee754": {
      "version": "1.1.8",
      "resolved": "https://registry.npmjs.org/ieee754/-/ieee754-1.1.8.tgz",
      "integrity": "sha1-vjPUCsEO8ZJnAfbwii2G+/0a0+Q="
    },
    "image-parser": {
      "version": "1.2.6",
      "resolved": "https://registry.npmjs.org/image-parser/-/image-parser-1.2.6.tgz",
      "integrity": "sha512-hNFtJZ2/s9zwkscTFMPVKMhe7fnzs1eZV9Y389X86Q5gq5BQ2Qutk/mtDbvT9kP/8AOs7oSrYbH+ZNwAPmiGYQ==",
      "requires": {
        "cb-buffer": "2.1.7",
        "err": "1.1.1",
        "gm-tools": "1.0.10",
        "lwipify": "2.0.10",
        "noop6": "1.0.7",
        "pixel-class": "1.0.7"
      }
    },
    "image-to-ascii": {
      "version": "3.0.11",
      "resolved": "https://registry.npmjs.org/image-to-ascii/-/image-to-ascii-3.0.11.tgz",
      "integrity": "sha512-6Kn1WcL9ICJW34tJ/l584KHxdbaIkc0mSw0+UheNcBHA6W3bZO0bD26WmTHiRZfWJIC+1Wis/GtMV9WBYcrrYQ==",
      "requires": {
        "asciify-pixel-matrix": "1.0.12",
        "compute-size": "1.0.11",
        "image-parser": "1.2.6",
        "imgpx": "1.0.11",
        "one-by-one": "3.2.6",
        "terminal-char-width": "1.0.8",
        "ul": "5.2.13"
      }
    },
    "imgpx": {
      "version": "1.0.11",
      "resolved": "https://registry.npmjs.org/imgpx/-/imgpx-1.0.11.tgz",
      "integrity": "sha512-mW7Fr4IqYBHnOEPJWtZd8rCz8DHhQFUPvTFK9XR6M20NU/htT/ohtoRzPsVQOLMrU+vY9I9g/Swl0JiPYk8hag==",
      "requires": {
        "lwip-pixels": "1.1.8",
        "lwipify": "2.0.10"
      }
    },
    "inflight": {
      "version": "1.0.6",
      "resolved": "https://registry.npmjs.org/inflight/-/inflight-1.0.6.tgz",
      "integrity": "sha1-Sb1jMdfQLQwJvJEKEHW6gWW1bfk=",
      "requires": {
        "once": "1.4.0",
        "wrappy": "1.0.2"
      }
    },
    "inherits": {
      "version": "2.0.3",
      "resolved": "https://registry.npmjs.org/inherits/-/inherits-2.0.3.tgz",
      "integrity": "sha1-Yzwsg+PaQqUC9SRmAiSA9CCCYd4="
    },
    "inquirer": {
      "version": "6.0.0",
      "resolved": "https://registry.npmjs.org/inquirer/-/inquirer-6.0.0.tgz",
      "integrity": "sha512-tISQWRwtcAgrz+SHPhTH7d3e73k31gsOy6i1csonLc0u1dVK/wYvuOnFeiWqC5OXFIYbmrIFInef31wbT8MEJg==",
      "requires": {
        "ansi-escapes": "3.1.0",
        "chalk": "2.4.1",
        "cli-cursor": "2.1.0",
        "cli-width": "2.2.0",
        "external-editor": "3.0.0",
        "figures": "2.0.0",
        "lodash": "4.17.10",
        "mute-stream": "0.0.7",
        "run-async": "2.3.0",
        "rxjs": "6.2.1",
        "string-width": "2.1.1",
        "strip-ansi": "4.0.0",
        "through": "2.3.8"
      }
    },
    "interpret": {
      "version": "1.1.0",
      "resolved": "https://registry.npmjs.org/interpret/-/interpret-1.1.0.tgz",
      "integrity": "sha1-ftGxQQxqDg94z5XTuEQMY/eLhhQ="
    },
    "is-fullwidth-code-point": {
      "version": "2.0.0",
      "resolved": "https://registry.npmjs.org/is-fullwidth-code-point/-/is-fullwidth-code-point-2.0.0.tgz",
      "integrity": "sha1-o7MKXE8ZkYMWeqq5O+764937ZU8="
    },
    "is-percent": {
      "version": "1.0.10",
      "resolved": "https://registry.npmjs.org/is-percent/-/is-percent-1.0.10.tgz",
      "integrity": "sha512-VoXIX2gX2MpnqdHnDPt1/vOS5QUQxp+2eLDWbWYgYiqBcaSUFTwlhOLVI05eroilU8tbKkHkucBtSu/WaxsBkw==",
      "requires": {
        "last-char": "1.3.9"
      }
    },
    "is-promise": {
      "version": "2.1.0",
      "resolved": "https://registry.npmjs.org/is-promise/-/is-promise-2.1.0.tgz",
      "integrity": "sha1-eaKp7OfwlugPNtKy87wWwf9L8/o="
    },
    "is-ssh": {
      "version": "1.3.0",
      "resolved": "https://registry.npmjs.org/is-ssh/-/is-ssh-1.3.0.tgz",
      "integrity": "sha1-6+oRaaJhTaOSpjdANmw84EnY3/Y=",
      "requires": {
        "protocols": "1.4.6"
      }
    },
    "is-windows": {
      "version": "0.1.1",
      "resolved": "https://registry.npmjs.org/is-windows/-/is-windows-0.1.1.tgz",
      "integrity": "sha1-vjEHFUMc+rzMVKs5USEPoLbQGr4="
    },
    "isexe": {
      "version": "2.0.0",
      "resolved": "https://registry.npmjs.org/isexe/-/isexe-2.0.0.tgz",
      "integrity": "sha1-6PvzdNxVb/iUehDcsFctYz8s+hA="
    },
    "iterate-object": {
      "version": "1.3.2",
      "resolved": "https://registry.npmjs.org/iterate-object/-/iterate-object-1.3.2.tgz",
      "integrity": "sha1-JOwVr/pdADnog5aVohwsrh9Ftms="
    },
    "jmespath": {
      "version": "0.15.0",
      "resolved": "https://registry.npmjs.org/jmespath/-/jmespath-0.15.0.tgz",
      "integrity": "sha1-o/Iiqarp+Wb10nx5ZRDigJF2Qhc="
    },
    "last-char": {
      "version": "1.3.9",
      "resolved": "https://registry.npmjs.org/last-char/-/last-char-1.3.9.tgz",
      "integrity": "sha512-8jsWryUJCx06lnQCV+XjnHd4QxIvH3Flvzb9GDgA4iwkzj8VKl2iEP0IHrVJ+Ez1FWSt92BykXUDpn/f1CD+Mw=="
    },
    "lodash": {
      "version": "4.17.10",
      "resolved": "https://registry.npmjs.org/lodash/-/lodash-4.17.10.tgz",
      "integrity": "sha512-UejweD1pDoXu+AD825lWwp4ZGtSwgnpZxb3JDViD7StjQz+Nb/6l093lx4OQ0foGWNRoc19mWy7BzL+UAK2iVg=="
    },
    "lodash.toarray": {
      "version": "4.4.0",
      "resolved": "https://registry.npmjs.org/lodash.toarray/-/lodash.toarray-4.4.0.tgz",
      "integrity": "sha1-JMS/zWsvuji/0FlNsRedjptlZWE="
    },
    "lru-cache": {
      "version": "4.1.3",
      "resolved": "https://registry.npmjs.org/lru-cache/-/lru-cache-4.1.3.tgz",
      "integrity": "sha512-fFEhvcgzuIoJVUF8fYr5KR0YqxD238zgObTps31YdADwPPAp82a4M8TrckkWyx7ekNlf9aBcVn81cFwwXngrJA==",
      "requires": {
        "pseudomap": "1.0.2",
        "yallist": "2.1.2"
      }
    },
    "lwip-pixels": {
      "version": "1.1.8",
      "resolved": "https://registry.npmjs.org/lwip-pixels/-/lwip-pixels-1.1.8.tgz",
      "integrity": "sha512-xHcZQZMcn+6QSJaZQwXf8DYqFpnEXtMoPm4uPNIPhuLgd0iuhrdiNpFIXI47rCDmJwwRMFNu2uJVYDcPaxh6zQ==",
      "requires": {
        "pixel-class": "1.0.7"
      }
    },
    "lwip2": {
      "version": "1.0.13",
      "resolved": "https://registry.npmjs.org/lwip2/-/lwip2-1.0.13.tgz",
      "integrity": "sha512-4q+RkFIFMulSDyz9UcRg65nzf5aWNRqEG14xygURKsFpODWelUZUS2aFqC2uCWGE4syzMdL3bo8QQZUA0Kbs4Q==",
      "requires": {
        "err": "1.1.1",
        "gm-installed": "1.0.8"
      }
    },
    "lwipify": {
      "version": "2.0.10",
      "resolved": "https://registry.npmjs.org/lwipify/-/lwipify-2.0.10.tgz",
      "integrity": "sha512-tPPzdAsoSL/dWxoLvuUrZtT2iwZZnWH4npmSUrJ6+U4AvRPLtB2NSOgWjf8crTW1BJ9JUgTJxz6irPYpYHOVZQ==",
      "requires": {
        "lwip2": "1.0.13",
        "noop6": "1.0.7",
        "tinyreq": "3.4.0",
        "url-remote": "1.1.7"
      }
    },
    "map-o": {
      "version": "2.0.8",
      "resolved": "https://registry.npmjs.org/map-o/-/map-o-2.0.8.tgz",
      "integrity": "sha1-muh1oEd7ksCuJbBIKEvJnJdXrhY=",
      "requires": {
        "iterate-object": "1.3.2"
      }
    },
    "mimic-fn": {
      "version": "1.2.0",
      "resolved": "https://registry.npmjs.org/mimic-fn/-/mimic-fn-1.2.0.tgz",
      "integrity": "sha512-jf84uxzwiuiIVKiOLpfYk7N46TSy8ubTonmneY9vrpHNAnp0QBt2BxWV9dO3/j+BoVAb+a5G6YDPW3M5HOdMWQ=="
    },
    "minimatch": {
      "version": "3.0.4",
      "resolved": "https://registry.npmjs.org/minimatch/-/minimatch-3.0.4.tgz",
      "integrity": "sha512-yJHVQEhyqPLUTgt9B83PXu6W3rx4MvvHvSUvToogpwoGDOUQ+yDrR0HRot+yOCdCO7u4hX3pWft6kWBBcqh0UA==",
      "requires": {
        "brace-expansion": "1.1.11"
      }
    },
    "ms": {
      "version": "2.0.0",
      "resolved": "https://registry.npmjs.org/ms/-/ms-2.0.0.tgz",
      "integrity": "sha1-VgiurfwAvmwpAd9fmGF4jeDVl8g="
    },
    "mute-stream": {
      "version": "0.0.7",
      "resolved": "https://registry.npmjs.org/mute-stream/-/mute-stream-0.0.7.tgz",
      "integrity": "sha1-MHXOk7whuPq0PhvE2n6BFe0ee6s="
    },
    "node-emoji": {
      "version": "1.8.1",
      "resolved": "https://registry.npmjs.org/node-emoji/-/node-emoji-1.8.1.tgz",
      "integrity": "sha512-+ktMAh1Jwas+TnGodfCfjUbJKoANqPaJFN0z0iqh41eqD8dvguNzcitVSBSVK1pidz0AqGbLKcoVuVLRVZ/aVg==",
      "requires": {
        "lodash.toarray": "4.4.0"
      }
    },
    "noop6": {
      "version": "1.0.7",
      "resolved": "https://registry.npmjs.org/noop6/-/noop6-1.0.7.tgz",
      "integrity": "sha1-lnZ78gWLpZyoy5FVk0fdyAI5+o4="
    },
    "obj-def": {
      "version": "1.0.6",
      "resolved": "https://registry.npmjs.org/obj-def/-/obj-def-1.0.6.tgz",
      "integrity": "sha1-d1ThcohJwvk00f3SvnL+Yn7LWxQ=",
      "requires": {
        "deffy": "2.2.2"
      }
    },
    "once": {
      "version": "1.4.0",
      "resolved": "https://registry.npmjs.org/once/-/once-1.4.0.tgz",
      "integrity": "sha1-WDsap3WWHUsROsF9nFC6753Xa9E=",
      "requires": {
        "wrappy": "1.0.2"
      }
    },
    "one-by-one": {
      "version": "3.2.6",
      "resolved": "https://registry.npmjs.org/one-by-one/-/one-by-one-3.2.6.tgz",
      "integrity": "sha1-M+Pelthw+alL3LY/ontRcAvhESs=",
      "requires": {
        "obj-def": "1.0.6",
        "sliced": "1.0.1"
      }
    },
    "onetime": {
      "version": "2.0.1",
      "resolved": "https://registry.npmjs.org/onetime/-/onetime-2.0.1.tgz",
      "integrity": "sha1-BnQoIw/WdEOyeUsiu6UotoZ5YtQ=",
      "requires": {
        "mimic-fn": "1.2.0"
      }
    },
    "os-tmpdir": {
      "version": "1.0.2",
      "resolved": "https://registry.npmjs.org/os-tmpdir/-/os-tmpdir-1.0.2.tgz",
      "integrity": "sha1-u+Z0BseaqFxc/sdm/lc0VV36EnQ="
    },
    "parse-url": {
      "version": "1.3.11",
      "resolved": "https://registry.npmjs.org/parse-url/-/parse-url-1.3.11.tgz",
      "integrity": "sha1-V8FUKKuKiSsfQ4aWRccR0OFEtVQ=",
      "requires": {
        "is-ssh": "1.3.0",
        "protocols": "1.4.6"
      }
    },
    "path-is-absolute": {
      "version": "1.0.1",
      "resolved": "https://registry.npmjs.org/path-is-absolute/-/path-is-absolute-1.0.1.tgz",
      "integrity": "sha1-F0uSaHNVNP+8es5r9TpanhtcX18="
    },
    "path-parse": {
      "version": "1.0.5",
      "resolved": "https://registry.npmjs.org/path-parse/-/path-parse-1.0.5.tgz",
      "integrity": "sha1-PBrfhx6pzWyUMbbqK9dKD/BVxME="
    },
    "percent-value": {
      "version": "1.0.7",
      "resolved": "https://registry.npmjs.org/percent-value/-/percent-value-1.0.7.tgz",
      "integrity": "sha1-Mp/DBAw6PnY4tIEKA0sGUrBKm0k="
    },
    "pixel-bg": {
      "version": "1.0.8",
      "resolved": "https://registry.npmjs.org/pixel-bg/-/pixel-bg-1.0.8.tgz",
      "integrity": "sha1-JCkmScUFZlWPvwMIkPaRnhQ2bFg=",
      "requires": {
        "pixel-class": "1.0.7"
      }
    },
    "pixel-class": {
      "version": "1.0.7",
      "resolved": "https://registry.npmjs.org/pixel-class/-/pixel-class-1.0.7.tgz",
      "integrity": "sha1-kEqFjx1KDMAy1GGh5H57wOx97yM=",
      "requires": {
        "deffy": "2.2.2"
      }
    },
    "pixel-white-bg": {
      "version": "1.0.7",
      "resolved": "https://registry.npmjs.org/pixel-white-bg/-/pixel-white-bg-1.0.7.tgz",
      "integrity": "sha1-DPvFs4XkzY5dozZi+Ja8mVg5lYc=",
      "requires": {
        "pixel-bg": "1.0.8"
      }
    },
    "pngjs": {
      "version": "2.3.1",
      "resolved": "https://registry.npmjs.org/pngjs/-/pngjs-2.3.1.tgz",
      "integrity": "sha1-EdHhK5y2TWPjDBQ6Mw9MH1Z9qF8="
    },
    "prgm-installed": {
      "version": "1.0.9",
      "resolved": "https://registry.npmjs.org/prgm-installed/-/prgm-installed-1.0.9.tgz",
      "integrity": "sha512-ZEdfzHVYWwF8iZ4nhuETtkCzxy/LJujDjBKFp/wF0sp0vxHOy2X19/hepTqx0s1hnMgadYQJTCuvAmtPRn91YA==",
      "requires": {
        "which": "1.3.1"
      }
    },
    "protocols": {
      "version": "1.4.6",
      "resolved": "https://registry.npmjs.org/protocols/-/protocols-1.4.6.tgz",
      "integrity": "sha1-+LsmPqG1/Xp2BNJri+Ob13Z4v4o="
    },
    "pseudomap": {
      "version": "1.0.2",
      "resolved": "https://registry.npmjs.org/pseudomap/-/pseudomap-1.0.2.tgz",
      "integrity": "sha1-8FKijacOYYkX7wqKw0wa5aaChrM="
    },
    "querystring": {
      "version": "0.2.0",
      "resolved": "https://registry.npmjs.org/querystring/-/querystring-0.2.0.tgz",
      "integrity": "sha1-sgmEkgO7Jd+CDadW50cAWHhSFiA="
    },
    "rechoir": {
      "version": "0.6.2",
      "resolved": "https://registry.npmjs.org/rechoir/-/rechoir-0.6.2.tgz",
      "integrity": "sha1-hSBLVNuoLVdC4oyWdW70OvUOM4Q=",
      "requires": {
        "resolve": "1.8.1"
      }
    },
    "resolve": {
      "version": "1.8.1",
      "resolved": "https://registry.npmjs.org/resolve/-/resolve-1.8.1.tgz",
      "integrity": "sha512-AicPrAC7Qu1JxPCZ9ZgCZlY35QgFnNqc+0LtbRNxnVw4TXvjQ72wnuL9JQcEBgXkI9JM8MsT9kaQoHcpCRJOYA==",
      "requires": {
        "path-parse": "1.0.5"
      }
    },
    "restore-cursor": {
      "version": "2.0.0",
      "resolved": "https://registry.npmjs.org/restore-cursor/-/restore-cursor-2.0.0.tgz",
      "integrity": "sha1-n37ih/gv0ybU/RYpI9YhKe7g368=",
      "requires": {
        "onetime": "2.0.1",
        "signal-exit": "3.0.2"
      }
    },
    "run-async": {
      "version": "2.3.0",
      "resolved": "https://registry.npmjs.org/run-async/-/run-async-2.3.0.tgz",
      "integrity": "sha1-A3GrSuC91yDUFm19/aZP96RFpsA=",
      "requires": {
        "is-promise": "2.1.0"
      }
    },
    "rxjs": {
      "version": "6.2.1",
      "resolved": "https://registry.npmjs.org/rxjs/-/rxjs-6.2.1.tgz",
      "integrity": "sha512-OwMxHxmnmHTUpgO+V7dZChf3Tixf4ih95cmXjzzadULziVl/FKhHScGLj4goEw9weePVOH2Q0+GcCBUhKCZc/g==",
      "requires": {
        "tslib": "1.9.2"
      }
    },
    "safer-buffer": {
      "version": "2.1.2",
      "resolved": "https://registry.npmjs.org/safer-buffer/-/safer-buffer-2.1.2.tgz",
      "integrity": "sha512-YZo3K82SD7Riyi0E1EQPojLz7kpepnSQI9IyPbHHg1XXXevb5dJI7tpyN2ADxGcQbHG7vcyRHk0cbwqcQriUtg=="
    },
    "same-time": {
      "version": "2.3.3",
      "resolved": "https://registry.npmjs.org/same-time/-/same-time-2.3.3.tgz",
      "integrity": "sha1-jLRUyFxQ5eMBMthgXRZDBfymya8=",
      "requires": {
        "deffy": "2.0.0"
      },
      "dependencies": {
        "deffy": {
          "version": "2.0.0",
          "resolved": "https://registry.npmjs.org/deffy/-/deffy-2.0.0.tgz",
          "integrity": "sha1-+C4I7qUYxKCjCx8D7FBNJIryiTI=",
          "requires": {
            "typpy": "2.3.10"
          }
        }
      }
    },
    "sax": {
      "version": "1.2.1",
      "resolved": "https://registry.npmjs.org/sax/-/sax-1.2.1.tgz",
      "integrity": "sha1-e45lYZCyKOgaZq6nSEgNgozS03o="
    },
    "shelljs": {
      "version": "0.8.2",
      "resolved": "https://registry.npmjs.org/shelljs/-/shelljs-0.8.2.tgz",
      "integrity": "sha512-pRXeNrCA2Wd9itwhvLp5LZQvPJ0wU6bcjaTMywHHGX5XWhVN2nzSu7WV0q+oUY7mGK3mgSkDDzP3MgjqdyIgbQ==",
      "requires": {
        "glob": "7.1.2",
        "interpret": "1.1.0",
        "rechoir": "0.6.2"
      }
    },
    "signal-exit": {
      "version": "3.0.2",
      "resolved": "https://registry.npmjs.org/signal-exit/-/signal-exit-3.0.2.tgz",
      "integrity": "sha1-tf3AjxKH6hF4Yo5BXiUTK3NkbG0="
    },
    "sliced": {
      "version": "1.0.1",
      "resolved": "https://registry.npmjs.org/sliced/-/sliced-1.0.1.tgz",
      "integrity": "sha1-CzpmK10Ewxd7GSa+qCsD+Dei70E="
    },
    "string-width": {
      "version": "2.1.1",
      "resolved": "https://registry.npmjs.org/string-width/-/string-width-2.1.1.tgz",
      "integrity": "sha512-nOqH59deCq9SRHlxq1Aw85Jnt4w6KvLKqWVik6oA9ZklXLNIOlqg4F2yrT1MVaTjAqvVwdfeZ7w7aCvJD7ugkw==",
      "requires": {
        "is-fullwidth-code-point": "2.0.0",
        "strip-ansi": "4.0.0"
      }
    },
    "strip-ansi": {
      "version": "4.0.0",
      "resolved": "https://registry.npmjs.org/strip-ansi/-/strip-ansi-4.0.0.tgz",
      "integrity": "sha1-qEeQIusaw2iocTibY1JixQXuNo8=",
      "requires": {
        "ansi-regex": "3.0.0"
      }
    },
    "supports-color": {
      "version": "5.4.0",
      "resolved": "https://registry.npmjs.org/supports-color/-/supports-color-5.4.0.tgz",
      "integrity": "sha512-zjaXglF5nnWpsq470jSv6P9DwPvgLkuapYmfDm3JWOm0vkNTVF2tI4UrN2r6jH1qM/uc/WtxYY1hYoA2dOKj5w==",
      "requires": {
        "has-flag": "3.0.0"
      }
    },
    "terminal-char-width": {
      "version": "1.0.8",
      "resolved": "https://registry.npmjs.org/terminal-char-width/-/terminal-char-width-1.0.8.tgz",
      "integrity": "sha512-d8B7Kf6QYWIKgGcvFthbNy/Qm/yy9K7DQId6BUq0ujQge6H2IcKES6uKEbS9swrhEH6Mvr4n7dtcuhl8bAwaSA==",
      "requires": {
        "is-windows": "0.1.1"
      }
    },
    "through": {
      "version": "2.3.8",
      "resolved": "https://registry.npmjs.org/through/-/through-2.3.8.tgz",
      "integrity": "sha1-DdTJ/6q8NXlgsbckEV1+Doai4fU="
    },
    "tinyreq": {
      "version": "3.4.0",
      "resolved": "https://registry.npmjs.org/tinyreq/-/tinyreq-3.4.0.tgz",
      "integrity": "sha512-vBddoX7XC6YIhE4zBYKqGmsjU3v6SxHnw3a7IXSDgRT8LOs6jhGYfNnIwHCeIg0dS3F1SLaAxpPoB7vzQx595w==",
      "requires": {
        "assured": "1.0.12",
        "follow-redirects": "1.5.0",
        "noop6": "1.0.7",
        "ul": "5.2.13"
      }
    },
    "tmp": {
      "version": "0.0.33",
      "resolved": "https://registry.npmjs.org/tmp/-/tmp-0.0.33.tgz",
      "integrity": "sha512-jRCJlojKnZ3addtTOjdIqoRuPEKBvNXcGYqzO6zWZX8KfKEpnGY5jfggJQ3EjKuu8D4bJRr0y+cYJFmYbImXGw==",
      "requires": {
        "os-tmpdir": "1.0.2"
      }
    },
    "tslib": {
      "version": "1.9.2",
      "resolved": "https://registry.npmjs.org/tslib/-/tslib-1.9.2.tgz",
      "integrity": "sha512-AVP5Xol3WivEr7hnssHDsaM+lVrVXWUvd1cfXTRkTj80b//6g2wIFEH6hZG0muGZRnHGrfttpdzRk3YlBkWjKw=="
    },
    "typpy": {
      "version": "2.3.10",
      "resolved": "https://registry.npmjs.org/typpy/-/typpy-2.3.10.tgz",
      "integrity": "sha512-DKiSmYeXF4q+K0H999sVROLjwsngad5AloblLo72No+xVT9W09ytUIOCC/3puHsf+Dsf8M2hoPds0H1HwJgQqg==",
      "requires": {
        "function.name": "1.0.10"
      }
    },
    "ul": {
      "version": "5.2.13",
      "resolved": "https://registry.npmjs.org/ul/-/ul-5.2.13.tgz",
      "integrity": "sha1-n/BQTqNcofdMC/WeZIDe8Am617U=",
      "requires": {
        "deffy": "2.2.2",
        "typpy": "2.3.10"
      }
    },
    "url": {
      "version": "0.10.3",
      "resolved": "https://registry.npmjs.org/url/-/url-0.10.3.tgz",
      "integrity": "sha1-Ah5NnHcF8hu/N9A861h2dAJ3TGQ=",
      "requires": {
        "punycode": "1.3.2",
        "querystring": "0.2.0"
      },
      "dependencies": {
        "punycode": {
          "version": "1.3.2",
          "resolved": "https://registry.npmjs.org/punycode/-/punycode-1.3.2.tgz",
          "integrity": "sha1-llOgNvt8HuQjQvIyXM7v6jkmxI0="
        }
      }
    },
    "url-local": {
      "version": "1.1.7",
      "resolved": "https://registry.npmjs.org/url-local/-/url-local-1.1.7.tgz",
      "integrity": "sha512-EP80TqSrQHZmYFEqaeUsVUTGPMieOaGOtjDqx4dnACRfottIttycRSAqj8k1ffynX+e/rRQ4D0h0k/Dmmt3NhQ==",
      "requires": {
        "parse-url": "1.3.11"
      }
    },
    "url-remote": {
      "version": "1.1.7",
      "resolved": "https://registry.npmjs.org/url-remote/-/url-remote-1.1.7.tgz",
      "integrity": "sha512-jNPdG3eeaF/ydHvGJQv6y038p5si+oFLo6CxByI2l9qICbwB0Ms3kcNYV9twimTiwgMgRgI3+JVmP7aUpDVVPQ==",
      "requires": {
        "url-local": "1.1.7"
      }
    },
    "which": {
      "version": "1.3.1",
      "resolved": "https://registry.npmjs.org/which/-/which-1.3.1.tgz",
      "integrity": "sha512-HxJdYWq1MTIQbJ3nw0cqssHoTNU267KlrDuGZ1WYlxDStUtKUhOaJmh112/TZmHxxUfuJqPXSOm7tDyas0OSIQ==",
      "requires": {
        "isexe": "2.0.0"
      }
    },
    "wrappy": {
      "version": "1.0.2",
      "resolved": "https://registry.npmjs.org/wrappy/-/wrappy-1.0.2.tgz",
      "integrity": "sha1-tSQ9jz7BqjXxNkYFvA0QNuMKtp8="
    },
    "xml2js": {
      "version": "0.4.17",
      "resolved": "https://registry.npmjs.org/xml2js/-/xml2js-0.4.17.tgz",
      "integrity": "sha1-F76T6q4/O3eTWceVtBlwWogX6Gg=",
      "requires": {
        "sax": "1.2.1",
        "xmlbuilder": "4.2.1"
      }
    },
    "xmlbuilder": {
      "version": "4.2.1",
      "resolved": "https://registry.npmjs.org/xmlbuilder/-/xmlbuilder-4.2.1.tgz",
      "integrity": "sha1-qlijBBoGb5DqoWwvU4n/GfP0YaU=",
      "requires": {
        "lodash": "4.17.10"
      }
    },
    "yallist": {
      "version": "2.1.2",
      "resolved": "https://registry.npmjs.org/yallist/-/yallist-2.1.2.tgz",
      "integrity": "sha1-HBH5IY8HYImkfdUS+TxmmaaoHVI="
    },
    "yesno": {
      "version": "0.0.1",
      "resolved": "https://registry.npmjs.org/yesno/-/yesno-0.0.1.tgz",
      "integrity": "sha1-/7wE/z1vmdrST3RjE06bkq5BvvY="
    }
  }
}
